// !$*UTF8*$!
{
	archiveVersion = 1;
	classes = {
	};
	objectVersion = 56;
	objects = {

/* Begin PBXBuildFile section */
		C2927E4A29070922009A265B /* AppDelegate.swift in Sources */ = {isa = PBXBuildFile; fileRef = C2927E4929070922009A265B /* AppDelegate.swift */; };
		C2927E4C29070922009A265B /* SceneDelegate.swift in Sources */ = {isa = PBXBuildFile; fileRef = C2927E4B29070922009A265B /* SceneDelegate.swift */; };
		C2927E5129070922009A265B /* DessertList.storyboard in Resources */ = {isa = PBXBuildFile; fileRef = C2927E4F29070922009A265B /* DessertList.storyboard */; };
		C2927E5329070924009A265B /* Assets.xcassets in Resources */ = {isa = PBXBuildFile; fileRef = C2927E5229070924009A265B /* Assets.xcassets */; };
		C2927E5629070924009A265B /* LaunchScreen.storyboard in Resources */ = {isa = PBXBuildFile; fileRef = C2927E5429070924009A265B /* LaunchScreen.storyboard */; };
		C2927E60290B0D52009A265B /* DessertList.swift in Sources */ = {isa = PBXBuildFile; fileRef = C2927E5F290B0D52009A265B /* DessertList.swift */; };
		C2927E62290B0D6B009A265B /* DessertListTableViewController.swift in Sources */ = {isa = PBXBuildFile; fileRef = C2927E61290B0D6B009A265B /* DessertListTableViewController.swift */; };
		C2927E67290B0DD0009A265B /* DessertDetail.storyboard in Resources */ = {isa = PBXBuildFile; fileRef = C2927E66290B0DD0009A265B /* DessertDetail.storyboard */; };
		C2927E69290B0E02009A265B /* DessertDetailViewController.swift in Sources */ = {isa = PBXBuildFile; fileRef = C2927E68290B0E02009A265B /* DessertDetailViewController.swift */; };
		C2927E6C290B12DE009A265B /* APIService.swift in Sources */ = {isa = PBXBuildFile; fileRef = C2927E6B290B12DE009A265B /* APIService.swift */; };
		C2927E70290B2F16009A265B /* ResultError.swift in Sources */ = {isa = PBXBuildFile; fileRef = C2927E6F290B2F16009A265B /* ResultError.swift */; };
		C2927E72290B3051009A265B /* DessertListService.swift in Sources */ = {isa = PBXBuildFile; fileRef = C2927E71290B3051009A265B /* DessertListService.swift */; };
		C2927E74290B30EB009A265B /* DessertEndpoint.swift in Sources */ = {isa = PBXBuildFile; fileRef = C2927E73290B30EB009A265B /* DessertEndpoint.swift */; };
		C2927E76290B37D3009A265B /* DessertListViewModel.swift in Sources */ = {isa = PBXBuildFile; fileRef = C2927E75290B37D3009A265B /* DessertListViewModel.swift */; };
		C2927E78290B40A6009A265B /* DessertListTableViewCell.swift in Sources */ = {isa = PBXBuildFile; fileRef = C2927E77290B40A6009A265B /* DessertListTableViewCell.swift */; };
/* End PBXBuildFile section */

/* Begin PBXFileReference section */
		C2927E4629070922009A265B /* AdamSmithMealProject.app */ = {isa = PBXFileReference; explicitFileType = wrapper.application; includeInIndex = 0; path = AdamSmithMealProject.app; sourceTree = BUILT_PRODUCTS_DIR; };
		C2927E4929070922009A265B /* AppDelegate.swift */ = {isa = PBXFileReference; lastKnownFileType = sourcecode.swift; path = AppDelegate.swift; sourceTree = "<group>"; };
		C2927E4B29070922009A265B /* SceneDelegate.swift */ = {isa = PBXFileReference; lastKnownFileType = sourcecode.swift; path = SceneDelegate.swift; sourceTree = "<group>"; };
		C2927E5029070922009A265B /* Base */ = {isa = PBXFileReference; lastKnownFileType = file.storyboard; name = Base; path = Base.lproj/DessertList.storyboard; sourceTree = "<group>"; };
		C2927E5229070924009A265B /* Assets.xcassets */ = {isa = PBXFileReference; lastKnownFileType = folder.assetcatalog; path = Assets.xcassets; sourceTree = "<group>"; };
		C2927E5529070924009A265B /* Base */ = {isa = PBXFileReference; lastKnownFileType = file.storyboard; name = Base; path = Base.lproj/LaunchScreen.storyboard; sourceTree = "<group>"; };
		C2927E5729070924009A265B /* Info.plist */ = {isa = PBXFileReference; lastKnownFileType = text.plist.xml; path = Info.plist; sourceTree = "<group>"; };
		C2927E5F290B0D52009A265B /* DessertList.swift */ = {isa = PBXFileReference; lastKnownFileType = sourcecode.swift; path = DessertList.swift; sourceTree = "<group>"; };
		C2927E61290B0D6B009A265B /* DessertListTableViewController.swift */ = {isa = PBXFileReference; lastKnownFileType = sourcecode.swift; path = DessertListTableViewController.swift; sourceTree = "<group>"; };
		C2927E66290B0DD0009A265B /* DessertDetail.storyboard */ = {isa = PBXFileReference; lastKnownFileType = file.storyboard; path = DessertDetail.storyboard; sourceTree = "<group>"; };
		C2927E68290B0E02009A265B /* DessertDetailViewController.swift */ = {isa = PBXFileReference; lastKnownFileType = sourcecode.swift; path = DessertDetailViewController.swift; sourceTree = "<group>"; };
		C2927E6B290B12DE009A265B /* APIService.swift */ = {isa = PBXFileReference; lastKnownFileType = sourcecode.swift; path = APIService.swift; sourceTree = "<group>"; };
		C2927E6F290B2F16009A265B /* ResultError.swift */ = {isa = PBXFileReference; fileEncoding = 4; lastKnownFileType = sourcecode.swift; path = ResultError.swift; sourceTree = "<group>"; };
		C2927E71290B3051009A265B /* DessertListService.swift */ = {isa = PBXFileReference; lastKnownFileType = sourcecode.swift; path = DessertListService.swift; sourceTree = "<group>"; };
		C2927E73290B30EB009A265B /* DessertEndpoint.swift */ = {isa = PBXFileReference; lastKnownFileType = sourcecode.swift; path = DessertEndpoint.swift; sourceTree = "<group>"; };
		C2927E75290B37D3009A265B /* DessertListViewModel.swift */ = {isa = PBXFileReference; lastKnownFileType = sourcecode.swift; path = DessertListViewModel.swift; sourceTree = "<group>"; };
		C2927E77290B40A6009A265B /* DessertListTableViewCell.swift */ = {isa = PBXFileReference; lastKnownFileType = sourcecode.swift; path = DessertListTableViewCell.swift; sourceTree = "<group>"; };
/* End PBXFileReference section */

/* Begin PBXFrameworksBuildPhase section */
		C2927E4329070922009A265B /* Frameworks */ = {
			isa = PBXFrameworksBuildPhase;
			buildActionMask = 2147483647;
			files = (
			);
			runOnlyForDeploymentPostprocessing = 0;
		};
/* End PBXFrameworksBuildPhase section */

/* Begin PBXGroup section */
		C2927E3D29070922009A265B = {
			isa = PBXGroup;
			children = (
				C2927E4829070922009A265B /* AdamSmithMealProject */,
				C2927E4729070922009A265B /* Products */,
			);
			sourceTree = "<group>";
		};
		C2927E4729070922009A265B /* Products */ = {
			isa = PBXGroup;
			children = (
				C2927E4629070922009A265B /* AdamSmithMealProject.app */,
			);
			name = Products;
			sourceTree = "<group>";
		};
		C2927E4829070922009A265B /* AdamSmithMealProject */ = {
			isa = PBXGroup;
			children = (
				C2927E6E290B12EE009A265B /* Network */,
				C2927E64290B0D7E009A265B /* Model */,
				C2927E65290B0D8D009A265B /* View Controller */,
				C2927E5E290B0A7F009A265B /* Storyboards */,
				C2927E5D290B0A46009A265B /* Resources */,
			);
			path = AdamSmithMealProject;
			sourceTree = "<group>";
		};
		C2927E5D290B0A46009A265B /* Resources */ = {
			isa = PBXGroup;
			children = (
				C2927E4929070922009A265B /* AppDelegate.swift */,
				C2927E4B29070922009A265B /* SceneDelegate.swift */,
				C2927E5229070924009A265B /* Assets.xcassets */,
				C2927E5429070924009A265B /* LaunchScreen.storyboard */,
				C2927E5729070924009A265B /* Info.plist */,
			);
			path = Resources;
			sourceTree = "<group>";
		};
		C2927E5E290B0A7F009A265B /* Storyboards */ = {
			isa = PBXGroup;
			children = (
				C2927E4F29070922009A265B /* DessertList.storyboard */,
				C2927E66290B0DD0009A265B /* DessertDetail.storyboard */,
			);
			path = Storyboards;
			sourceTree = "<group>";
		};
		C2927E63290B0D6F009A265B /* DessertList */ = {
			isa = PBXGroup;
			children = (
				C2927E61290B0D6B009A265B /* DessertListTableViewController.swift */,
				C2927E75290B37D3009A265B /* DessertListViewModel.swift */,
				C2927E77290B40A6009A265B /* DessertListTableViewCell.swift */,
				C2927E71290B3051009A265B /* DessertListService.swift */,
			);
			path = DessertList;
			sourceTree = "<group>";
		};
		C2927E64290B0D7E009A265B /* Model */ = {
			isa = PBXGroup;
			children = (
				C2927E5F290B0D52009A265B /* DessertList.swift */,
			);
			path = Model;
			sourceTree = "<group>";
		};
		C2927E65290B0D8D009A265B /* View Controller */ = {
			isa = PBXGroup;
			children = (
				C2927E63290B0D6F009A265B /* DessertList */,
				C2927E6A290B0E06009A265B /* DessertDetail */,
			);
			path = "View Controller";
			sourceTree = "<group>";
		};
		C2927E6A290B0E06009A265B /* DessertDetail */ = {
			isa = PBXGroup;
			children = (
				C2927E68290B0E02009A265B /* DessertDetailViewController.swift */,
			);
			path = DessertDetail;
			sourceTree = "<group>";
		};
		C2927E6E290B12EE009A265B /* Network */ = {
			isa = PBXGroup;
			children = (
				C2927E6B290B12DE009A265B /* APIService.swift */,
				C2927E6F290B2F16009A265B /* ResultError.swift */,
				C2927E73290B30EB009A265B /* DessertEndpoint.swift */,
			);
			path = Network;
			sourceTree = "<group>";
		};
/* End PBXGroup section */

/* Begin PBXNativeTarget section */
		C2927E4529070922009A265B /* AdamSmithMealProject */ = {
			isa = PBXNativeTarget;
			buildConfigurationList = C2927E5A29070924009A265B /* Build configuration list for PBXNativeTarget "AdamSmithMealProject" */;
			buildPhases = (
				C2927E4229070922009A265B /* Sources */,
				C2927E4329070922009A265B /* Frameworks */,
				C2927E4429070922009A265B /* Resources */,
			);
			buildRules = (
			);
			dependencies = (
			);
			name = AdamSmithMealProject;
			productName = AdamSmithMealProject;
			productReference = C2927E4629070922009A265B /* AdamSmithMealProject.app */;
			productType = "com.apple.product-type.application";
		};
/* End PBXNativeTarget section */

/* Begin PBXProject section */
		C2927E3E29070922009A265B /* Project object */ = {
			isa = PBXProject;
			attributes = {
				BuildIndependentTargetsInParallel = 1;
				LastSwiftUpdateCheck = 1400;
				LastUpgradeCheck = 1400;
				TargetAttributes = {
					C2927E4529070922009A265B = {
						CreatedOnToolsVersion = 14.0.1;
					};
				};
			};
			buildConfigurationList = C2927E4129070922009A265B /* Build configuration list for PBXProject "AdamSmithMealProject" */;
			compatibilityVersion = "Xcode 14.0";
			developmentRegion = en;
			hasScannedForEncodings = 0;
			knownRegions = (
				en,
				Base,
			);
			mainGroup = C2927E3D29070922009A265B;
			productRefGroup = C2927E4729070922009A265B /* Products */;
			projectDirPath = "";
			projectRoot = "";
			targets = (
				C2927E4529070922009A265B /* AdamSmithMealProject */,
			);
		};
/* End PBXProject section */

/* Begin PBXResourcesBuildPhase section */
		C2927E4429070922009A265B /* Resources */ = {
			isa = PBXResourcesBuildPhase;
			buildActionMask = 2147483647;
			files = (
				C2927E67290B0DD0009A265B /* DessertDetail.storyboard in Resources */,
				C2927E5629070924009A265B /* LaunchScreen.storyboard in Resources */,
				C2927E5329070924009A265B /* Assets.xcassets in Resources */,
				C2927E5129070922009A265B /* DessertList.storyboard in Resources */,
			);
			runOnlyForDeploymentPostprocessing = 0;
		};
/* End PBXResourcesBuildPhase section */

/* Begin PBXSourcesBuildPhase section */
		C2927E4229070922009A265B /* Sources */ = {
			isa = PBXSourcesBuildPhase;
			buildActionMask = 2147483647;
			files = (
				C2927E6C290B12DE009A265B /* APIService.swift in Sources */,
				C2927E76290B37D3009A265B /* DessertListViewModel.swift in Sources */,
				C2927E74290B30EB009A265B /* DessertEndpoint.swift in Sources */,
				C2927E62290B0D6B009A265B /* DessertListTableViewController.swift in Sources */,
				C2927E72290B3051009A265B /* DessertListService.swift in Sources */,
				C2927E4A29070922009A265B /* AppDelegate.swift in Sources */,
				C2927E70290B2F16009A265B /* ResultError.swift in Sources */,
				C2927E78290B40A6009A265B /* DessertListTableViewCell.swift in Sources */,
				C2927E60290B0D52009A265B /* DessertList.swift in Sources */,
				C2927E4C29070922009A265B /* SceneDelegate.swift in Sources */,
				C2927E69290B0E02009A265B /* DessertDetailViewController.swift in Sources */,
			);
			runOnlyForDeploymentPostprocessing = 0;
		};
/* End PBXSourcesBuildPhase section */

/* Begin PBXVariantGroup section */
		C2927E4F29070922009A265B /* DessertList.storyboard */ = {
			isa = PBXVariantGroup;
			children = (
				C2927E5029070922009A265B /* Base */,
			);
			name = DessertList.storyboard;
			sourceTree = "<group>";
		};
		C2927E5429070924009A265B /* LaunchScreen.storyboard */ = {
			isa = PBXVariantGroup;
			children = (
				C2927E5529070924009A265B /* Base */,
			);
			name = LaunchScreen.storyboard;
			sourceTree = "<group>";
		};
/* End PBXVariantGroup section */

/* Begin XCBuildConfiguration section */
		C2927E5829070924009A265B /* Debug */ = {
			isa = XCBuildConfiguration;
			buildSettings = {
				ALWAYS_SEARCH_USER_PATHS = NO;
				CLANG_ANALYZER_NONNULL = YES;
				CLANG_ANALYZER_NUMBER_OBJECT_CONVERSION = YES_AGGRESSIVE;
				CLANG_CXX_LANGUAGE_STANDARD = "gnu++20";
				CLANG_ENABLE_MODULES = YES;
				CLANG_ENABLE_OBJC_ARC = YES;
				CLANG_ENABLE_OBJC_WEAK = YES;
				CLANG_WARN_BLOCK_CAPTURE_AUTORELEASING = YES;
				CLANG_WARN_BOOL_CONVERSION = YES;
				CLANG_WARN_COMMA = YES;
				CLANG_WARN_CONSTANT_CONVERSION = YES;
				CLANG_WARN_DEPRECATED_OBJC_IMPLEMENTATIONS = YES;
				CLANG_WARN_DIRECT_OBJC_ISA_USAGE = YES_ERROR;
				CLANG_WARN_DOCUMENTATION_COMMENTS = YES;
				CLANG_WARN_EMPTY_BODY = YES;
				CLANG_WARN_ENUM_CONVERSION = YES;
				CLANG_WARN_INFINITE_RECURSION = YES;
				CLANG_WARN_INT_CONVERSION = YES;
				CLANG_WARN_NON_LITERAL_NULL_CONVERSION = YES;
				CLANG_WARN_OBJC_IMPLICIT_RETAIN_SELF = YES;
				CLANG_WARN_OBJC_LITERAL_CONVERSION = YES;
				CLANG_WARN_OBJC_ROOT_CLASS = YES_ERROR;
				CLANG_WARN_QUOTED_INCLUDE_IN_FRAMEWORK_HEADER = YES;
				CLANG_WARN_RANGE_LOOP_ANALYSIS = YES;
				CLANG_WARN_STRICT_PROTOTYPES = YES;
				CLANG_WARN_SUSPICIOUS_MOVE = YES;
				CLANG_WARN_UNGUARDED_AVAILABILITY = YES_AGGRESSIVE;
				CLANG_WARN_UNREACHABLE_CODE = YES;
				CLANG_WARN__DUPLICATE_METHOD_MATCH = YES;
				COPY_PHASE_STRIP = NO;
				DEBUG_INFORMATION_FORMAT = dwarf;
				ENABLE_STRICT_OBJC_MSGSEND = YES;
				ENABLE_TESTABILITY = YES;
				GCC_C_LANGUAGE_STANDARD = gnu11;
				GCC_DYNAMIC_NO_PIC = NO;
				GCC_NO_COMMON_BLOCKS = YES;
				GCC_OPTIMIZATION_LEVEL = 0;
				GCC_PREPROCESSOR_DEFINITIONS = (
					"DEBUG=1",
					"$(inherited)",
				);
				GCC_WARN_64_TO_32_BIT_CONVERSION = YES;
				GCC_WARN_ABOUT_RETURN_TYPE = YES_ERROR;
				GCC_WARN_UNDECLARED_SELECTOR = YES;
				GCC_WARN_UNINITIALIZED_AUTOS = YES_AGGRESSIVE;
				GCC_WARN_UNUSED_FUNCTION = YES;
				GCC_WARN_UNUSED_VARIABLE = YES;
				IPHONEOS_DEPLOYMENT_TARGET = 16.0;
				MTL_ENABLE_DEBUG_INFO = INCLUDE_SOURCE;
				MTL_FAST_MATH = YES;
				ONLY_ACTIVE_ARCH = YES;
				SDKROOT = iphoneos;
				SWIFT_ACTIVE_COMPILATION_CONDITIONS = DEBUG;
				SWIFT_OPTIMIZATION_LEVEL = "-Onone";
			};
			name = Debug;
		};
		C2927E5929070924009A265B /* Release */ = {
			isa = XCBuildConfiguration;
			buildSettings = {
				ALWAYS_SEARCH_USER_PATHS = NO;
				CLANG_ANALYZER_NONNULL = YES;
				CLANG_ANALYZER_NUMBER_OBJECT_CONVERSION = YES_AGGRESSIVE;
				CLANG_CXX_LANGUAGE_STANDARD = "gnu++20";
				CLANG_ENABLE_MODULES = YES;
				CLANG_ENABLE_OBJC_ARC = YES;
				CLANG_ENABLE_OBJC_WEAK = YES;
				CLANG_WARN_BLOCK_CAPTURE_AUTORELEASING = YES;
				CLANG_WARN_BOOL_CONVERSION = YES;
				CLANG_WARN_COMMA = YES;
				CLANG_WARN_CONSTANT_CONVERSION = YES;
				CLANG_WARN_DEPRECATED_OBJC_IMPLEMENTATIONS = YES;
				CLANG_WARN_DIRECT_OBJC_ISA_USAGE = YES_ERROR;
				CLANG_WARN_DOCUMENTATION_COMMENTS = YES;
				CLANG_WARN_EMPTY_BODY = YES;
				CLANG_WARN_ENUM_CONVERSION = YES;
				CLANG_WARN_INFINITE_RECURSION = YES;
				CLANG_WARN_INT_CONVERSION = YES;
				CLANG_WARN_NON_LITERAL_NULL_CONVERSION = YES;
				CLANG_WARN_OBJC_IMPLICIT_RETAIN_SELF = YES;
				CLANG_WARN_OBJC_LITERAL_CONVERSION = YES;
				CLANG_WARN_OBJC_ROOT_CLASS = YES_ERROR;
				CLANG_WARN_QUOTED_INCLUDE_IN_FRAMEWORK_HEADER = YES;
				CLANG_WARN_RANGE_LOOP_ANALYSIS = YES;
				CLANG_WARN_STRICT_PROTOTYPES = YES;
				CLANG_WARN_SUSPICIOUS_MOVE = YES;
				CLANG_WARN_UNGUARDED_AVAILABILITY = YES_AGGRESSIVE;
				CLANG_WARN_UNREACHABLE_CODE = YES;
				CLANG_WARN__DUPLICATE_METHOD_MATCH = YES;
				COPY_PHASE_STRIP = NO;
				DEBUG_INFORMATION_FORMAT = "dwarf-with-dsym";
				ENABLE_NS_ASSERTIONS = NO;
				ENABLE_STRICT_OBJC_MSGSEND = YES;
				GCC_C_LANGUAGE_STANDARD = gnu11;
				GCC_NO_COMMON_BLOCKS = YES;
				GCC_WARN_64_TO_32_BIT_CONVERSION = YES;
				GCC_WARN_ABOUT_RETURN_TYPE = YES_ERROR;
				GCC_WARN_UNDECLARED_SELECTOR = YES;
				GCC_WARN_UNINITIALIZED_AUTOS = YES_AGGRESSIVE;
				GCC_WARN_UNUSED_FUNCTION = YES;
				GCC_WARN_UNUSED_VARIABLE = YES;
				IPHONEOS_DEPLOYMENT_TARGET = 16.0;
				MTL_ENABLE_DEBUG_INFO = NO;
				MTL_FAST_MATH = YES;
				SDKROOT = iphoneos;
				SWIFT_COMPILATION_MODE = wholemodule;
				SWIFT_OPTIMIZATION_LEVEL = "-O";
				VALIDATE_PRODUCT = YES;
			};
			name = Release;
		};
		C2927E5B29070924009A265B /* Debug */ = {
			isa = XCBuildConfiguration;
			buildSettings = {
				ASSETCATALOG_COMPILER_APPICON_NAME = AppIcon;
				ASSETCATALOG_COMPILER_GLOBAL_ACCENT_COLOR_NAME = AccentColor;
				CODE_SIGN_STYLE = Automatic;
				CURRENT_PROJECT_VERSION = 1;
				DEVELOPMENT_TEAM = 9DXP3CGV77;
				GENERATE_INFOPLIST_FILE = YES;
				INFOPLIST_FILE = AdamSmithMealProject/Resources/Info.plist;
				INFOPLIST_KEY_UIApplicationSupportsIndirectInputEvents = YES;
				INFOPLIST_KEY_UILaunchStoryboardName = DessertList.storyboard;
				INFOPLIST_KEY_UIMainStoryboardFile = DessertList;
				INFOPLIST_KEY_UISupportedInterfaceOrientations_iPad = "UIInterfaceOrientationPortrait UIInterfaceOrientationPortraitUpsideDown UIInterfaceOrientationLandscapeLeft UIInterfaceOrientationLandscapeRight";
				INFOPLIST_KEY_UISupportedInterfaceOrientations_iPhone = "UIInterfaceOrientationPortrait UIInterfaceOrientationLandscapeLeft UIInterfaceOrientationLandscapeRight";
				LD_RUNPATH_SEARCH_PATHS = (
					"$(inherited)",
					"@executable_path/Frameworks",
				);
				MARKETING_VERSION = 1.0;
				PRODUCT_BUNDLE_IDENTIFIER = com.adamsmith.AdamSmithMealProject;
				PRODUCT_NAME = "$(TARGET_NAME)";
				SWIFT_EMIT_LOC_STRINGS = YES;
				SWIFT_VERSION = 5.0;
				TARGETED_DEVICE_FAMILY = "1,2";
			};
			name = Debug;
		};
		C2927E5C29070924009A265B /* Release */ = {
			isa = XCBuildConfiguration;
			buildSettings = {
				ASSETCATALOG_COMPILER_APPICON_NAME = AppIcon;
				ASSETCATALOG_COMPILER_GLOBAL_ACCENT_COLOR_NAME = AccentColor;
				CODE_SIGN_STYLE = Automatic;
				CURRENT_PROJECT_VERSION = 1;
				DEVELOPMENT_TEAM = 9DXP3CGV77;
				GENERATE_INFOPLIST_FILE = YES;
				INFOPLIST_FILE = AdamSmithMealProject/Resources/Info.plist;
				INFOPLIST_KEY_UIApplicationSupportsIndirectInputEvents = YES;
				INFOPLIST_KEY_UILaunchStoryboardName = DessertList.storyboard;
				INFOPLIST_KEY_UIMainStoryboardFile = DessertList;
				INFOPLIST_KEY_UISupportedInterfaceOrientations_iPad = "UIInterfaceOrientationPortrait UIInterfaceOrientationPortraitUpsideDown UIInterfaceOrientationLandscapeLeft UIInterfaceOrientationLandscapeRight";
				INFOPLIST_KEY_UISupportedInterfaceOrientations_iPhone = "UIInterfaceOrientationPortrait UIInterfaceOrientationLandscapeLeft UIInterfaceOrientationLandscapeRight";
				LD_RUNPATH_SEARCH_PATHS = (
					"$(inherited)",
					"@executable_path/Frameworks",
				);
				MARKETING_VERSION = 1.0;
				PRODUCT_BUNDLE_IDENTIFIER = com.adamsmith.AdamSmithMealProject;
				PRODUCT_NAME = "$(TARGET_NAME)";
				SWIFT_EMIT_LOC_STRINGS = YES;
				SWIFT_VERSION = 5.0;
				TARGETED_DEVICE_FAMILY = "1,2";
			};
			name = Release;
		};
/* End XCBuildConfiguration section */

/* Begin XCConfigurationList section */
		C2927E4129070922009A265B /* Build configuration list for PBXProject "AdamSmithMealProject" */ = {
			isa = XCConfigurationList;
			buildConfigurations = (
				C2927E5829070924009A265B /* Debug */,
				C2927E5929070924009A265B /* Release */,
			);
			defaultConfigurationIsVisible = 0;
			defaultConfigurationName = Release;
		};
		C2927E5A29070924009A265B /* Build configuration list for PBXNativeTarget "AdamSmithMealProject" */ = {
			isa = XCConfigurationList;
			buildConfigurations = (
				C2927E5B29070924009A265B /* Debug */,
				C2927E5C29070924009A265B /* Release */,
			);
			defaultConfigurationIsVisible = 0;
			defaultConfigurationName = Release;
		};
/* End XCConfigurationList section */
	};
	rootObject = C2927E3E29070922009A265B /* Project object */;
}
